
Microsoft Visual Studio Solution File, Format Version 12.00
# Visual Studio 15
VisualStudioVersion = 15.0.26228.92
MinimumVisualStudioVersion = 10.0.40219.1
Project("{2150E333-8FDC-42A3-9474-1A3956D46DE8}") = "2-SyZero", "2-SyZero", "{681397FB-C9A6-4FCC-ABC7-E99584206316}"
EndProject
Project("{2150E333-8FDC-42A3-9474-1A3956D46DE8}") = "1-Presentation", "1-Presentation", "{831B5347-D82B-47AC-B432-3458FA949DAE}"
EndProject
Project("{9A19103F-16F7-4668-BE54-9A1E7A4F7556}") = "SyZeroAdmin.Core", "SyZeroAdmin.Core\SyZeroAdmin.Core.csproj", "{40F5F346-3832-469E-8A8B-6F9ACCF2C7D9}"
EndProject
Project("{9A19103F-16F7-4668-BE54-9A1E7A4F7556}") = "SyZeroAdmin.EntityFrameworkCore", "SyZeroAdmin.EntityFrameworkCore\SyZeroAdmin.EntityFrameworkCore.csproj", "{1DF83081-8295-4018-9035-28BFBCC3CBBC}"
EndProject
Project("{9A19103F-16F7-4668-BE54-9A1E7A4F7556}") = "SyZeroAdmin.Application", "SyZeroAdmin.Application\SyZeroAdmin.Application.csproj", "{CD96F7F5-8853-42B5-8373-88DD685C0D88}"
EndProject
Project("{9A19103F-16F7-4668-BE54-9A1E7A4F7556}") = "SyZeroAdmin.Web.Core", "SyZeroAdmin.Web.Core\SyZeroAdmin.Web.Core.csproj", "{6B235052-E584-4BA4-8F60-2EA9B802D1CF}"
EndProject
Project("{9A19103F-16F7-4668-BE54-9A1E7A4F7556}") = "SyZeroAdmin.Web", "SyZeroAdmin.Web\SyZeroAdmin.Web.csproj", "{B858BF02-1419-4FE2-81E9-A8508C658F85}"
EndProject
Project("{9A19103F-16F7-4668-BE54-9A1E7A4F7556}") = "SyZero", "..\..\..\SYZERO\src\SyZero\SyZero.csproj", "{B34D62DC-F46C-4918-A7D9-DFA542528D83}"
EndProject
Project("{9A19103F-16F7-4668-BE54-9A1E7A4F7556}") = "SyZero.AspNetCore", "..\..\..\SYZERO\src\SyZero.AspNetCore\SyZero.AspNetCore.csproj", "{5B572F54-85A4-4F42-A09B-6096A94AED75}"
EndProject
Project("{9A19103F-16F7-4668-BE54-9A1E7A4F7556}") = "SyZero.AutoMapper", "..\..\..\SYZERO\src\SyZero.AutoMapper\SyZero.AutoMapper.csproj", "{936685D6-E2EB-4929-9FE3-D3D79D0DA6E1}"
EndProject
Project("{9A19103F-16F7-4668-BE54-9A1E7A4F7556}") = "SyZero.EntityFrameworkCore", "..\..\..\SYZERO\src\SyZero.EntityFrameworkCore\SyZero.EntityFrameworkCore.csproj", "{D9E37525-B30B-4FEF-9595-6584B9ECF3C1}"
EndProject
Project("{9A19103F-16F7-4668-BE54-9A1E7A4F7556}") = "SyZero.Log4Net", "..\..\..\SYZERO\src\SyZero.Log4Net\SyZero.Log4Net.csproj", "{C96478F3-FC12-4EE2-913D-CADBBAA22287}"
EndProject
Project("{9A19103F-16F7-4668-BE54-9A1E7A4F7556}") = "SyZero.MongoDB", "..\..\..\SYZERO\src\SyZero.MongoDB\SyZero.MongoDB.csproj", "{80EF3174-D292-427F-9D25-8DD0C3629FC4}"
EndProject
Project("{9A19103F-16F7-4668-BE54-9A1E7A4F7556}") = "SyZero.Web.Common", "..\..\..\SYZERO\src\SyZero.Web.Common\SyZero.Web.Common.csproj", "{6FCF04F5-0BC7-43DC-B7D6-F5D5E746C83C}"
EndProject
Global
	GlobalSection(SolutionConfigurationPlatforms) = preSolution
		Debug|Any CPU = Debug|Any CPU
		Release|Any CPU = Release|Any CPU
	EndGlobalSection
	GlobalSection(ProjectConfigurationPlatforms) = postSolution
		{40F5F346-3832-469E-8A8B-6F9ACCF2C7D9}.Debug|Any CPU.ActiveCfg = Debug|Any CPU
		{40F5F346-3832-469E-8A8B-6F9ACCF2C7D9}.Debug|Any CPU.Build.0 = Debug|Any CPU
		{40F5F346-3832-469E-8A8B-6F9ACCF2C7D9}.Release|Any CPU.ActiveCfg = Release|Any CPU
		{40F5F346-3832-469E-8A8B-6F9ACCF2C7D9}.Release|Any CPU.Build.0 = Release|Any CPU
		{1DF83081-8295-4018-9035-28BFBCC3CBBC}.Debug|Any CPU.ActiveCfg = Debug|Any CPU
		{1DF83081-8295-4018-9035-28BFBCC3CBBC}.Debug|Any CPU.Build.0 = Debug|Any CPU
		{1DF83081-8295-4018-9035-28BFBCC3CBBC}.Release|Any CPU.ActiveCfg = Release|Any CPU
		{1DF83081-8295-4018-9035-28BFBCC3CBBC}.Release|Any CPU.Build.0 = Release|Any CPU
		{CD96F7F5-8853-42B5-8373-88DD685C0D88}.Debug|Any CPU.ActiveCfg = Debug|Any CPU
		{CD96F7F5-8853-42B5-8373-88DD685C0D88}.Debug|Any CPU.Build.0 = Debug|Any CPU
		{CD96F7F5-8853-42B5-8373-88DD685C0D88}.Release|Any CPU.ActiveCfg = Release|Any CPU
		{CD96F7F5-8853-42B5-8373-88DD685C0D88}.Release|Any CPU.Build.0 = Release|Any CPU
		{6B235052-E584-4BA4-8F60-2EA9B802D1CF}.Debug|Any CPU.ActiveCfg = Debug|Any CPU
		{6B235052-E584-4BA4-8F60-2EA9B802D1CF}.Debug|Any CPU.Build.0 = Debug|Any CPU
		{6B235052-E584-4BA4-8F60-2EA9B802D1CF}.Release|Any CPU.ActiveCfg = Release|Any CPU
		{6B235052-E584-4BA4-8F60-2EA9B802D1CF}.Release|Any CPU.Build.0 = Release|Any CPU
		{B858BF02-1419-4FE2-81E9-A8508C658F85}.Debug|Any CPU.ActiveCfg = Debug|Any CPU
		{B858BF02-1419-4FE2-81E9-A8508C658F85}.Debug|Any CPU.Build.0 = Debug|Any CPU
		{B858BF02-1419-4FE2-81E9-A8508C658F85}.Release|Any CPU.ActiveCfg = Release|Any CPU
		{B858BF02-1419-4FE2-81E9-A8508C658F85}.Release|Any CPU.Build.0 = Release|Any CPU
		{B34D62DC-F46C-4918-A7D9-DFA542528D83}.Debug|Any CPU.ActiveCfg = Debug|Any CPU
		{B34D62DC-F46C-4918-A7D9-DFA542528D83}.Debug|Any CPU.Build.0 = Debug|Any CPU
		{B34D62DC-F46C-4918-A7D9-DFA542528D83}.Release|Any CPU.ActiveCfg = Release|Any CPU
		{B34D62DC-F46C-4918-A7D9-DFA542528D83}.Release|Any CPU.Build.0 = Release|Any CPU
		{5B572F54-85A4-4F42-A09B-6096A94AED75}.Debug|Any CPU.ActiveCfg = Debug|Any CPU
		{5B572F54-85A4-4F42-A09B-6096A94AED75}.Debug|Any CPU.Build.0 = Debug|Any CPU
		{5B572F54-85A4-4F42-A09B-6096A94AED75}.Release|Any CPU.ActiveCfg = Release|Any CPU
		{5B572F54-85A4-4F42-A09B-6096A94AED75}.Release|Any CPU.Build.0 = Release|Any CPU
		{936685D6-E2EB-4929-9FE3-D3D79D0DA6E1}.Debug|Any CPU.ActiveCfg = Debug|Any CPU
		{936685D6-E2EB-4929-9FE3-D3D79D0DA6E1}.Debug|Any CPU.Build.0 = Debug|Any CPU
		{936685D6-E2EB-4929-9FE3-D3D79D0DA6E1}.Release|Any CPU.ActiveCfg = Release|Any CPU
		{936685D6-E2EB-4929-9FE3-D3D79D0DA6E1}.Release|Any CPU.Build.0 = Release|Any CPU
		{D9E37525-B30B-4FEF-9595-6584B9ECF3C1}.Debug|Any CPU.ActiveCfg = Debug|Any CPU
		{D9E37525-B30B-4FEF-9595-6584B9ECF3C1}.Debug|Any CPU.Build.0 = Debug|Any CPU
		{D9E37525-B30B-4FEF-9595-6584B9ECF3C1}.Release|Any CPU.ActiveCfg = Release|Any CPU
		{D9E37525-B30B-4FEF-9595-6584B9ECF3C1}.Release|Any CPU.Build.0 = Release|Any CPU
		{C96478F3-FC12-4EE2-913D-CADBBAA22287}.Debug|Any CPU.ActiveCfg = Debug|Any CPU
		{C96478F3-FC12-4EE2-913D-CADBBAA22287}.Debug|Any CPU.Build.0 = Debug|Any CPU
		{C96478F3-FC12-4EE2-913D-CADBBAA22287}.Release|Any CPU.ActiveCfg = Release|Any CPU
		{C96478F3-FC12-4EE2-913D-CADBBAA22287}.Release|Any CPU.Build.0 = Release|Any CPU
		{80EF3174-D292-427F-9D25-8DD0C3629FC4}.Debug|Any CPU.ActiveCfg = Debug|Any CPU
		{80EF3174-D292-427F-9D25-8DD0C3629FC4}.Debug|Any CPU.Build.0 = Debug|Any CPU
		{80EF3174-D292-427F-9D25-8DD0C3629FC4}.Release|Any CPU.ActiveCfg = Release|Any CPU
		{80EF3174-D292-427F-9D25-8DD0C3629FC4}.Release|Any CPU.Build.0 = Release|Any CPU
		{6FCF04F5-0BC7-43DC-B7D6-F5D5E746C83C}.Debug|Any CPU.ActiveCfg = Debug|Any CPU
		{6FCF04F5-0BC7-43DC-B7D6-F5D5E746C83C}.Debug|Any CPU.Build.0 = Debug|Any CPU
		{6FCF04F5-0BC7-43DC-B7D6-F5D5E746C83C}.Release|Any CPU.ActiveCfg = Release|Any CPU
		{6FCF04F5-0BC7-43DC-B7D6-F5D5E746C83C}.Release|Any CPU.Build.0 = Release|Any CPU
	EndGlobalSection
	GlobalSection(SolutionProperties) = preSolution
		HideSolutionNode = FALSE
	EndGlobalSection
	GlobalSection(NestedProjects) = preSolution
		{40F5F346-3832-469E-8A8B-6F9ACCF2C7D9} = {831B5347-D82B-47AC-B432-3458FA949DAE}
		{1DF83081-8295-4018-9035-28BFBCC3CBBC} = {831B5347-D82B-47AC-B432-3458FA949DAE}
		{CD96F7F5-8853-42B5-8373-88DD685C0D88} = {831B5347-D82B-47AC-B432-3458FA949DAE}
		{6B235052-E584-4BA4-8F60-2EA9B802D1CF} = {831B5347-D82B-47AC-B432-3458FA949DAE}
		{B858BF02-1419-4FE2-81E9-A8508C658F85} = {831B5347-D82B-47AC-B432-3458FA949DAE}
		{B34D62DC-F46C-4918-A7D9-DFA542528D83} = {681397FB-C9A6-4FCC-ABC7-E99584206316}
		{5B572F54-85A4-4F42-A09B-6096A94AED75} = {681397FB-C9A6-4FCC-ABC7-E99584206316}
		{936685D6-E2EB-4929-9FE3-D3D79D0DA6E1} = {681397FB-C9A6-4FCC-ABC7-E99584206316}
		{D9E37525-B30B-4FEF-9595-6584B9ECF3C1} = {681397FB-C9A6-4FCC-ABC7-E99584206316}
		{C96478F3-FC12-4EE2-913D-CADBBAA22287} = {681397FB-C9A6-4FCC-ABC7-E99584206316}
		{80EF3174-D292-427F-9D25-8DD0C3629FC4} = {681397FB-C9A6-4FCC-ABC7-E99584206316}
		{6FCF04F5-0BC7-43DC-B7D6-F5D5E746C83C} = {681397FB-C9A6-4FCC-ABC7-E99584206316}
	EndGlobalSection
	GlobalSection(ExtensibilityGlobals) = postSolution
		SolutionGuid = {7668E53B-AA87-498A-A3C0-6B7888DDCEFB}
	EndGlobalSection
EndGlobal
