
Microsoft Visual Studio Solution File, Format Version 12.00
# Visual Studio 15
VisualStudioVersion = 15.0.26228.92
MinimumVisualStudioVersion = 10.0.40219.1
Project("{2150E333-8FDC-42A3-9474-1A3956D46DE8}") = "2-SyZero", "2-SyZero", "{681397FB-C9A6-4FCC-ABC7-E99584206316}"
EndProject
Project("{2150E333-8FDC-42A3-9474-1A3956D46DE8}") = "1-Presentation", "1-Presentation", "{831B5347-D82B-47AC-B432-3458FA949DAE}"
EndProject
Project("{9A19103F-16F7-4668-BE54-9A1E7A4F7556}") = "SyZeroAdmin.Core", "SyZeroAdmin.Core\SyZeroAdmin.Core.csproj", "{40F5F346-3832-469E-8A8B-6F9ACCF2C7D9}"
EndProject
Project("{9A19103F-16F7-4668-BE54-9A1E7A4F7556}") = "SyZeroAdmin.EntityFrameworkCore", "SyZeroAdmin.EntityFrameworkCore\SyZeroAdmin.EntityFrameworkCore.csproj", "{1DF83081-8295-4018-9035-28BFBCC3CBBC}"
EndProject
Project("{9A19103F-16F7-4668-BE54-9A1E7A4F7556}") = "SyZeroAdmin.Application", "SyZeroAdmin.Application\SyZeroAdmin.Application.csproj", "{CD96F7F5-8853-42B5-8373-88DD685C0D88}"
EndProject
Project("{9A19103F-16F7-4668-BE54-9A1E7A4F7556}") = "SyZeroAdmin.Web.Core", "SyZeroAdmin.Web.Core\SyZeroAdmin.Web.Core.csproj", "{6B235052-E584-4BA4-8F60-2EA9B802D1CF}"
EndProject
Project("{9A19103F-16F7-4668-BE54-9A1E7A4F7556}") = "SyZeroAdmin.Web", "SyZeroAdmin.Web\SyZeroAdmin.Web.csproj", "{B858BF02-1419-4FE2-81E9-A8508C658F85}"
EndProject
Project("{9A19103F-16F7-4668-BE54-9A1E7A4F7556}") = "SyZero", "..\..\SYZERO\src\SyZero\SyZero.csproj", "{A3126D03-A04E-44A8-B82E-1590697066CA}"
EndProject
Project("{9A19103F-16F7-4668-BE54-9A1E7A4F7556}") = "SyZero.AspNetCore", "..\..\SYZERO\src\SyZero.AspNetCore\SyZero.AspNetCore.csproj", "{06F7A365-7F72-43B7-92C6-4439FDBF36E8}"
EndProject
Project("{9A19103F-16F7-4668-BE54-9A1E7A4F7556}") = "SyZero.AutoMapper", "..\..\SYZERO\src\SyZero.AutoMapper\SyZero.AutoMapper.csproj", "{B3505673-4D8F-4500-9F10-49DFE4CDD2C9}"
EndProject
Project("{9A19103F-16F7-4668-BE54-9A1E7A4F7556}") = "SyZero.EntityFrameworkCore", "..\..\SYZERO\src\SyZero.EntityFrameworkCore\SyZero.EntityFrameworkCore.csproj", "{92B4DA48-E84F-44A0-9A24-93B64F582E7B}"
EndProject
Project("{9A19103F-16F7-4668-BE54-9A1E7A4F7556}") = "SyZero.Log4Net", "..\..\SYZERO\src\SyZero.Log4Net\SyZero.Log4Net.csproj", "{CA25DB3F-EDB1-420D-A317-312186AD0EB0}"
EndProject
Project("{9A19103F-16F7-4668-BE54-9A1E7A4F7556}") = "SyZero.MongoDB", "..\..\SYZERO\src\SyZero.MongoDB\SyZero.MongoDB.csproj", "{1BBEFC7F-09B4-4BE7-A3F1-340D421BBC27}"
EndProject
Project("{9A19103F-16F7-4668-BE54-9A1E7A4F7556}") = "SyZero.Web.Common", "..\..\SYZERO\src\SyZero.Web.Common\SyZero.Web.Common.csproj", "{2667FA8E-60C0-476C-AEAA-63B63959B9D7}"
EndProject
Global
	GlobalSection(SolutionConfigurationPlatforms) = preSolution
		Debug|Any CPU = Debug|Any CPU
		Release|Any CPU = Release|Any CPU
	EndGlobalSection
	GlobalSection(ProjectConfigurationPlatforms) = postSolution
		{40F5F346-3832-469E-8A8B-6F9ACCF2C7D9}.Debug|Any CPU.ActiveCfg = Debug|Any CPU
		{40F5F346-3832-469E-8A8B-6F9ACCF2C7D9}.Debug|Any CPU.Build.0 = Debug|Any CPU
		{40F5F346-3832-469E-8A8B-6F9ACCF2C7D9}.Release|Any CPU.ActiveCfg = Release|Any CPU
		{40F5F346-3832-469E-8A8B-6F9ACCF2C7D9}.Release|Any CPU.Build.0 = Release|Any CPU
		{1DF83081-8295-4018-9035-28BFBCC3CBBC}.Debug|Any CPU.ActiveCfg = Debug|Any CPU
		{1DF83081-8295-4018-9035-28BFBCC3CBBC}.Debug|Any CPU.Build.0 = Debug|Any CPU
		{1DF83081-8295-4018-9035-28BFBCC3CBBC}.Release|Any CPU.ActiveCfg = Release|Any CPU
		{1DF83081-8295-4018-9035-28BFBCC3CBBC}.Release|Any CPU.Build.0 = Release|Any CPU
		{CD96F7F5-8853-42B5-8373-88DD685C0D88}.Debug|Any CPU.ActiveCfg = Debug|Any CPU
		{CD96F7F5-8853-42B5-8373-88DD685C0D88}.Debug|Any CPU.Build.0 = Debug|Any CPU
		{CD96F7F5-8853-42B5-8373-88DD685C0D88}.Release|Any CPU.ActiveCfg = Release|Any CPU
		{CD96F7F5-8853-42B5-8373-88DD685C0D88}.Release|Any CPU.Build.0 = Release|Any CPU
		{6B235052-E584-4BA4-8F60-2EA9B802D1CF}.Debug|Any CPU.ActiveCfg = Debug|Any CPU
		{6B235052-E584-4BA4-8F60-2EA9B802D1CF}.Debug|Any CPU.Build.0 = Debug|Any CPU
		{6B235052-E584-4BA4-8F60-2EA9B802D1CF}.Release|Any CPU.ActiveCfg = Release|Any CPU
		{6B235052-E584-4BA4-8F60-2EA9B802D1CF}.Release|Any CPU.Build.0 = Release|Any CPU
		{B858BF02-1419-4FE2-81E9-A8508C658F85}.Debug|Any CPU.ActiveCfg = Debug|Any CPU
		{B858BF02-1419-4FE2-81E9-A8508C658F85}.Debug|Any CPU.Build.0 = Debug|Any CPU
		{B858BF02-1419-4FE2-81E9-A8508C658F85}.Release|Any CPU.ActiveCfg = Release|Any CPU
		{B858BF02-1419-4FE2-81E9-A8508C658F85}.Release|Any CPU.Build.0 = Release|Any CPU
		{A3126D03-A04E-44A8-B82E-1590697066CA}.Debug|Any CPU.ActiveCfg = Debug|Any CPU
		{A3126D03-A04E-44A8-B82E-1590697066CA}.Debug|Any CPU.Build.0 = Debug|Any CPU
		{A3126D03-A04E-44A8-B82E-1590697066CA}.Release|Any CPU.ActiveCfg = Release|Any CPU
		{A3126D03-A04E-44A8-B82E-1590697066CA}.Release|Any CPU.Build.0 = Release|Any CPU
		{06F7A365-7F72-43B7-92C6-4439FDBF36E8}.Debug|Any CPU.ActiveCfg = Debug|Any CPU
		{06F7A365-7F72-43B7-92C6-4439FDBF36E8}.Debug|Any CPU.Build.0 = Debug|Any CPU
		{06F7A365-7F72-43B7-92C6-4439FDBF36E8}.Release|Any CPU.ActiveCfg = Release|Any CPU
		{06F7A365-7F72-43B7-92C6-4439FDBF36E8}.Release|Any CPU.Build.0 = Release|Any CPU
		{B3505673-4D8F-4500-9F10-49DFE4CDD2C9}.Debug|Any CPU.ActiveCfg = Debug|Any CPU
		{B3505673-4D8F-4500-9F10-49DFE4CDD2C9}.Debug|Any CPU.Build.0 = Debug|Any CPU
		{B3505673-4D8F-4500-9F10-49DFE4CDD2C9}.Release|Any CPU.ActiveCfg = Release|Any CPU
		{B3505673-4D8F-4500-9F10-49DFE4CDD2C9}.Release|Any CPU.Build.0 = Release|Any CPU
		{92B4DA48-E84F-44A0-9A24-93B64F582E7B}.Debug|Any CPU.ActiveCfg = Debug|Any CPU
		{92B4DA48-E84F-44A0-9A24-93B64F582E7B}.Debug|Any CPU.Build.0 = Debug|Any CPU
		{92B4DA48-E84F-44A0-9A24-93B64F582E7B}.Release|Any CPU.ActiveCfg = Release|Any CPU
		{92B4DA48-E84F-44A0-9A24-93B64F582E7B}.Release|Any CPU.Build.0 = Release|Any CPU
		{CA25DB3F-EDB1-420D-A317-312186AD0EB0}.Debug|Any CPU.ActiveCfg = Debug|Any CPU
		{CA25DB3F-EDB1-420D-A317-312186AD0EB0}.Debug|Any CPU.Build.0 = Debug|Any CPU
		{CA25DB3F-EDB1-420D-A317-312186AD0EB0}.Release|Any CPU.ActiveCfg = Release|Any CPU
		{CA25DB3F-EDB1-420D-A317-312186AD0EB0}.Release|Any CPU.Build.0 = Release|Any CPU
		{1BBEFC7F-09B4-4BE7-A3F1-340D421BBC27}.Debug|Any CPU.ActiveCfg = Debug|Any CPU
		{1BBEFC7F-09B4-4BE7-A3F1-340D421BBC27}.Debug|Any CPU.Build.0 = Debug|Any CPU
		{1BBEFC7F-09B4-4BE7-A3F1-340D421BBC27}.Release|Any CPU.ActiveCfg = Release|Any CPU
		{1BBEFC7F-09B4-4BE7-A3F1-340D421BBC27}.Release|Any CPU.Build.0 = Release|Any CPU
		{2667FA8E-60C0-476C-AEAA-63B63959B9D7}.Debug|Any CPU.ActiveCfg = Debug|Any CPU
		{2667FA8E-60C0-476C-AEAA-63B63959B9D7}.Debug|Any CPU.Build.0 = Debug|Any CPU
		{2667FA8E-60C0-476C-AEAA-63B63959B9D7}.Release|Any CPU.ActiveCfg = Release|Any CPU
		{2667FA8E-60C0-476C-AEAA-63B63959B9D7}.Release|Any CPU.Build.0 = Release|Any CPU
	EndGlobalSection
	GlobalSection(SolutionProperties) = preSolution
		HideSolutionNode = FALSE
	EndGlobalSection
	GlobalSection(NestedProjects) = preSolution
		{40F5F346-3832-469E-8A8B-6F9ACCF2C7D9} = {831B5347-D82B-47AC-B432-3458FA949DAE}
		{1DF83081-8295-4018-9035-28BFBCC3CBBC} = {831B5347-D82B-47AC-B432-3458FA949DAE}
		{CD96F7F5-8853-42B5-8373-88DD685C0D88} = {831B5347-D82B-47AC-B432-3458FA949DAE}
		{6B235052-E584-4BA4-8F60-2EA9B802D1CF} = {831B5347-D82B-47AC-B432-3458FA949DAE}
		{B858BF02-1419-4FE2-81E9-A8508C658F85} = {831B5347-D82B-47AC-B432-3458FA949DAE}
		{A3126D03-A04E-44A8-B82E-1590697066CA} = {681397FB-C9A6-4FCC-ABC7-E99584206316}
		{06F7A365-7F72-43B7-92C6-4439FDBF36E8} = {681397FB-C9A6-4FCC-ABC7-E99584206316}
		{B3505673-4D8F-4500-9F10-49DFE4CDD2C9} = {681397FB-C9A6-4FCC-ABC7-E99584206316}
		{92B4DA48-E84F-44A0-9A24-93B64F582E7B} = {681397FB-C9A6-4FCC-ABC7-E99584206316}
		{CA25DB3F-EDB1-420D-A317-312186AD0EB0} = {681397FB-C9A6-4FCC-ABC7-E99584206316}
		{1BBEFC7F-09B4-4BE7-A3F1-340D421BBC27} = {681397FB-C9A6-4FCC-ABC7-E99584206316}
		{2667FA8E-60C0-476C-AEAA-63B63959B9D7} = {681397FB-C9A6-4FCC-ABC7-E99584206316}
	EndGlobalSection
	GlobalSection(ExtensibilityGlobals) = postSolution
		SolutionGuid = {7668E53B-AA87-498A-A3C0-6B7888DDCEFB}
	EndGlobalSection
EndGlobal
